// !$*UTF8*$!
{
	archiveVersion = 1;
	classes = {
	};
	objectVersion = 46;
	objects = {

/* Begin PBXBuildFile section */
		BC561BF61EA6CDE9004386E0 /* AppDelegate.swift in Sources */ = {isa = PBXBuildFile; fileRef = BC561BF51EA6CDE9004386E0 /* AppDelegate.swift */; };
		BC561BF81EA6CDE9004386E0 /* MapViewController.swift in Sources */ = {isa = PBXBuildFile; fileRef = BC561BF71EA6CDE9004386E0 /* MapViewController.swift */; };
		BC561BFB1EA6CDE9004386E0 /* Main.storyboard in Resources */ = {isa = PBXBuildFile; fileRef = BC561BF91EA6CDE9004386E0 /* Main.storyboard */; };
		BC561BFD1EA6CDE9004386E0 /* Assets.xcassets in Resources */ = {isa = PBXBuildFile; fileRef = BC561BFC1EA6CDE9004386E0 /* Assets.xcassets */; };
		BC561C001EA6CDE9004386E0 /* LaunchScreen.storyboard in Resources */ = {isa = PBXBuildFile; fileRef = BC561BFE1EA6CDE9004386E0 /* LaunchScreen.storyboard */; };
		BC561C0B1EA6CDE9004386E0 /* Virtual_TouristTests.swift in Sources */ = {isa = PBXBuildFile; fileRef = BC561C0A1EA6CDE9004386E0 /* Virtual_TouristTests.swift */; };
		BC561C161EA6CDE9004386E0 /* Virtual_TouristUITests.swift in Sources */ = {isa = PBXBuildFile; fileRef = BC561C151EA6CDE9004386E0 /* Virtual_TouristUITests.swift */; };
		BC561C241EA6D330004386E0 /* FlickrClient.swift in Sources */ = {isa = PBXBuildFile; fileRef = BC561C231EA6D330004386E0 /* FlickrClient.swift */; };
		BC561C2B1EA6D4B2004386E0 /* Parse.swift in Sources */ = {isa = PBXBuildFile; fileRef = BC561C2A1EA6D4B2004386E0 /* Parse.swift */; };
		BC561C2D1EA6D5E8004386E0 /* CoreDataStackManager.swift in Sources */ = {isa = PBXBuildFile; fileRef = BC561C2C1EA6D5E8004386E0 /* CoreDataStackManager.swift */; };
		BC561C301EA6D682004386E0 /* PhotoAlbumViewController.swift in Sources */ = {isa = PBXBuildFile; fileRef = BC561C2F1EA6D682004386E0 /* PhotoAlbumViewController.swift */; };
		BC561C331EA6D803004386E0 /* VirtualTouristModel.xcdatamodeld in Sources */ = {isa = PBXBuildFile; fileRef = BC561C311EA6D803004386E0 /* VirtualTouristModel.xcdatamodeld */; };
		BCB0A8A21EA7513000CF1B2F /* PhotoCell.swift in Sources */ = {isa = PBXBuildFile; fileRef = BCB0A8A11EA7513000CF1B2F /* PhotoCell.swift */; };
/* End PBXBuildFile section */

/* Begin PBXContainerItemProxy section */
		BC561C071EA6CDE9004386E0 /* PBXContainerItemProxy */ = {
			isa = PBXContainerItemProxy;
			containerPortal = BC561BEA1EA6CDE9004386E0 /* Project object */;
			proxyType = 1;
			remoteGlobalIDString = BC561BF11EA6CDE9004386E0;
			remoteInfo = "Virtual Tourist";
		};
		BC561C121EA6CDE9004386E0 /* PBXContainerItemProxy */ = {
			isa = PBXContainerItemProxy;
			containerPortal = BC561BEA1EA6CDE9004386E0 /* Project object */;
			proxyType = 1;
			remoteGlobalIDString = BC561BF11EA6CDE9004386E0;
			remoteInfo = "Virtual Tourist";
		};
/* End PBXContainerItemProxy section */

/* Begin PBXFileReference section */
		BC561BF21EA6CDE9004386E0 /* Virtual Tourist.app */ = {isa = PBXFileReference; explicitFileType = wrapper.application; includeInIndex = 0; path = "Virtual Tourist.app"; sourceTree = BUILT_PRODUCTS_DIR; };
		BC561BF51EA6CDE9004386E0 /* AppDelegate.swift */ = {isa = PBXFileReference; lastKnownFileType = sourcecode.swift; path = AppDelegate.swift; sourceTree = "<group>"; };
		BC561BF71EA6CDE9004386E0 /* MapViewController.swift */ = {isa = PBXFileReference; lastKnownFileType = sourcecode.swift; path = MapViewController.swift; sourceTree = "<group>"; };
		BC561BFA1EA6CDE9004386E0 /* Base */ = {isa = PBXFileReference; lastKnownFileType = file.storyboard; name = Base; path = Base.lproj/Main.storyboard; sourceTree = "<group>"; };
		BC561BFC1EA6CDE9004386E0 /* Assets.xcassets */ = {isa = PBXFileReference; lastKnownFileType = folder.assetcatalog; path = Assets.xcassets; sourceTree = "<group>"; };
		BC561BFF1EA6CDE9004386E0 /* Base */ = {isa = PBXFileReference; lastKnownFileType = file.storyboard; name = Base; path = Base.lproj/LaunchScreen.storyboard; sourceTree = "<group>"; };
		BC561C011EA6CDE9004386E0 /* Info.plist */ = {isa = PBXFileReference; lastKnownFileType = text.plist.xml; path = Info.plist; sourceTree = "<group>"; };
		BC561C061EA6CDE9004386E0 /* Virtual TouristTests.xctest */ = {isa = PBXFileReference; explicitFileType = wrapper.cfbundle; includeInIndex = 0; path = "Virtual TouristTests.xctest"; sourceTree = BUILT_PRODUCTS_DIR; };
		BC561C0A1EA6CDE9004386E0 /* Virtual_TouristTests.swift */ = {isa = PBXFileReference; lastKnownFileType = sourcecode.swift; path = Virtual_TouristTests.swift; sourceTree = "<group>"; };
		BC561C0C1EA6CDE9004386E0 /* Info.plist */ = {isa = PBXFileReference; lastKnownFileType = text.plist.xml; path = Info.plist; sourceTree = "<group>"; };
		BC561C111EA6CDE9004386E0 /* Virtual TouristUITests.xctest */ = {isa = PBXFileReference; explicitFileType = wrapper.cfbundle; includeInIndex = 0; path = "Virtual TouristUITests.xctest"; sourceTree = BUILT_PRODUCTS_DIR; };
		BC561C151EA6CDE9004386E0 /* Virtual_TouristUITests.swift */ = {isa = PBXFileReference; lastKnownFileType = sourcecode.swift; path = Virtual_TouristUITests.swift; sourceTree = "<group>"; };
		BC561C171EA6CDE9004386E0 /* Info.plist */ = {isa = PBXFileReference; lastKnownFileType = text.plist.xml; path = Info.plist; sourceTree = "<group>"; };
		BC561C231EA6D330004386E0 /* FlickrClient.swift */ = {isa = PBXFileReference; fileEncoding = 4; lastKnownFileType = sourcecode.swift; path = FlickrClient.swift; sourceTree = "<group>"; };
		BC561C2A1EA6D4B2004386E0 /* Parse.swift */ = {isa = PBXFileReference; fileEncoding = 4; lastKnownFileType = sourcecode.swift; path = Parse.swift; sourceTree = "<group>"; };
		BC561C2C1EA6D5E8004386E0 /* CoreDataStackManager.swift */ = {isa = PBXFileReference; fileEncoding = 4; lastKnownFileType = sourcecode.swift; path = CoreDataStackManager.swift; sourceTree = "<group>"; };
		BC561C2F1EA6D682004386E0 /* PhotoAlbumViewController.swift */ = {isa = PBXFileReference; fileEncoding = 4; lastKnownFileType = sourcecode.swift; path = PhotoAlbumViewController.swift; sourceTree = "<group>"; };
		BC561C321EA6D803004386E0 /* VirtualTouristModel.xcdatamodel */ = {isa = PBXFileReference; lastKnownFileType = wrapper.xcdatamodel; path = VirtualTouristModel.xcdatamodel; sourceTree = "<group>"; };
		BCB0A8A11EA7513000CF1B2F /* PhotoCell.swift */ = {isa = PBXFileReference; fileEncoding = 4; lastKnownFileType = sourcecode.swift; path = PhotoCell.swift; sourceTree = "<group>"; };
/* End PBXFileReference section */

/* Begin PBXFrameworksBuildPhase section */
		BC561BEF1EA6CDE9004386E0 /* Frameworks */ = {
			isa = PBXFrameworksBuildPhase;
			buildActionMask = 2147483647;
			files = (
			);
			runOnlyForDeploymentPostprocessing = 0;
		};
		BC561C031EA6CDE9004386E0 /* Frameworks */ = {
			isa = PBXFrameworksBuildPhase;
			buildActionMask = 2147483647;
			files = (
			);
			runOnlyForDeploymentPostprocessing = 0;
		};
		BC561C0E1EA6CDE9004386E0 /* Frameworks */ = {
			isa = PBXFrameworksBuildPhase;
			buildActionMask = 2147483647;
			files = (
			);
			runOnlyForDeploymentPostprocessing = 0;
		};
/* End PBXFrameworksBuildPhase section */

/* Begin PBXGroup section */
		BC561BE91EA6CDE9004386E0 = {
			isa = PBXGroup;
			children = (
				BC561BF41EA6CDE9004386E0 /* Virtual Tourist */,
				BC561C091EA6CDE9004386E0 /* Virtual TouristTests */,
				BC561C141EA6CDE9004386E0 /* Virtual TouristUITests */,
				BC561BF31EA6CDE9004386E0 /* Products */,
			);
			sourceTree = "<group>";
		};
		BC561BF31EA6CDE9004386E0 /* Products */ = {
			isa = PBXGroup;
			children = (
				BC561BF21EA6CDE9004386E0 /* Virtual Tourist.app */,
				BC561C061EA6CDE9004386E0 /* Virtual TouristTests.xctest */,
				BC561C111EA6CDE9004386E0 /* Virtual TouristUITests.xctest */,
			);
			name = Products;
			sourceTree = "<group>";
		};
		BC561BF41EA6CDE9004386E0 /* Virtual Tourist */ = {
			isa = PBXGroup;
			children = (
				BC561BF51EA6CDE9004386E0 /* AppDelegate.swift */,
				BC561C2E1EA6D601004386E0 /* Core Data */,
				BC561C281EA6D3D1004386E0 /* Network */,
				BC561C361EA6EC12004386E0 /* View */,
				BC561C291EA6D3E2004386E0 /* View Controllers */,
				BC561BF91EA6CDE9004386E0 /* Main.storyboard */,
				BC561BFC1EA6CDE9004386E0 /* Assets.xcassets */,
				BC561BFE1EA6CDE9004386E0 /* LaunchScreen.storyboard */,
				BC561C011EA6CDE9004386E0 /* Info.plist */,
			);
			path = "Virtual Tourist";
			sourceTree = "<group>";
		};
		BC561C091EA6CDE9004386E0 /* Virtual TouristTests */ = {
			isa = PBXGroup;
			children = (
				BC561C0A1EA6CDE9004386E0 /* Virtual_TouristTests.swift */,
				BC561C0C1EA6CDE9004386E0 /* Info.plist */,
			);
			path = "Virtual TouristTests";
			sourceTree = "<group>";
		};
		BC561C141EA6CDE9004386E0 /* Virtual TouristUITests */ = {
			isa = PBXGroup;
			children = (
				BC561C151EA6CDE9004386E0 /* Virtual_TouristUITests.swift */,
				BC561C171EA6CDE9004386E0 /* Info.plist */,
			);
			path = "Virtual TouristUITests";
			sourceTree = "<group>";
		};
		BC561C281EA6D3D1004386E0 /* Network */ = {
			isa = PBXGroup;
			children = (
				BC561C231EA6D330004386E0 /* FlickrClient.swift */,
				BC561C2A1EA6D4B2004386E0 /* Parse.swift */,
			);
			name = Network;
			sourceTree = "<group>";
		};
		BC561C291EA6D3E2004386E0 /* View Controllers */ = {
			isa = PBXGroup;
			children = (
				BC561BF71EA6CDE9004386E0 /* MapViewController.swift */,
				BC561C2F1EA6D682004386E0 /* PhotoAlbumViewController.swift */,
			);
			name = "View Controllers";
			sourceTree = "<group>";
		};
		BC561C2E1EA6D601004386E0 /* Core Data */ = {
			isa = PBXGroup;
			children = (
				BC561C311EA6D803004386E0 /* VirtualTouristModel.xcdatamodeld */,
				BC561C2C1EA6D5E8004386E0 /* CoreDataStackManager.swift */,
			);
			name = "Core Data";
			sourceTree = "<group>";
		};
		BC561C361EA6EC12004386E0 /* View */ = {
			isa = PBXGroup;
			children = (
				BCB0A8A11EA7513000CF1B2F /* PhotoCell.swift */,
			);
			name = View;
			sourceTree = "<group>";
		};
/* End PBXGroup section */

/* Begin PBXNativeTarget section */
		BC561BF11EA6CDE9004386E0 /* Virtual Tourist */ = {
			isa = PBXNativeTarget;
			buildConfigurationList = BC561C1A1EA6CDE9004386E0 /* Build configuration list for PBXNativeTarget "Virtual Tourist" */;
			buildPhases = (
				BC561BEE1EA6CDE9004386E0 /* Sources */,
				BC561BEF1EA6CDE9004386E0 /* Frameworks */,
				BC561BF01EA6CDE9004386E0 /* Resources */,
			);
			buildRules = (
			);
			dependencies = (
			);
			name = "Virtual Tourist";
			productName = "Virtual Tourist";
			productReference = BC561BF21EA6CDE9004386E0 /* Virtual Tourist.app */;
			productType = "com.apple.product-type.application";
		};
		BC561C051EA6CDE9004386E0 /* Virtual TouristTests */ = {
			isa = PBXNativeTarget;
			buildConfigurationList = BC561C1D1EA6CDE9004386E0 /* Build configuration list for PBXNativeTarget "Virtual TouristTests" */;
			buildPhases = (
				BC561C021EA6CDE9004386E0 /* Sources */,
				BC561C031EA6CDE9004386E0 /* Frameworks */,
				BC561C041EA6CDE9004386E0 /* Resources */,
			);
			buildRules = (
			);
			dependencies = (
				BC561C081EA6CDE9004386E0 /* PBXTargetDependency */,
			);
			name = "Virtual TouristTests";
			productName = "Virtual TouristTests";
			productReference = BC561C061EA6CDE9004386E0 /* Virtual TouristTests.xctest */;
			productType = "com.apple.product-type.bundle.unit-test";
		};
		BC561C101EA6CDE9004386E0 /* Virtual TouristUITests */ = {
			isa = PBXNativeTarget;
			buildConfigurationList = BC561C201EA6CDE9004386E0 /* Build configuration list for PBXNativeTarget "Virtual TouristUITests" */;
			buildPhases = (
				BC561C0D1EA6CDE9004386E0 /* Sources */,
				BC561C0E1EA6CDE9004386E0 /* Frameworks */,
				BC561C0F1EA6CDE9004386E0 /* Resources */,
			);
			buildRules = (
			);
			dependencies = (
				BC561C131EA6CDE9004386E0 /* PBXTargetDependency */,
			);
			name = "Virtual TouristUITests";
			productName = "Virtual TouristUITests";
			productReference = BC561C111EA6CDE9004386E0 /* Virtual TouristUITests.xctest */;
			productType = "com.apple.product-type.bundle.ui-testing";
		};
/* End PBXNativeTarget section */

/* Begin PBXProject section */
		BC561BEA1EA6CDE9004386E0 /* Project object */ = {
			isa = PBXProject;
			attributes = {
				LastSwiftUpdateCheck = 0830;
				LastUpgradeCheck = 0920;
				ORGANIZATIONNAME = dylansimerly;
				TargetAttributes = {
					BC561BF11EA6CDE9004386E0 = {
						CreatedOnToolsVersion = 8.3.1;
						DevelopmentTeam = D9F6D6KZ89;
						LastSwiftMigration = 0920;
						ProvisioningStyle = Automatic;
					};
					BC561C051EA6CDE9004386E0 = {
						CreatedOnToolsVersion = 8.3.1;
						DevelopmentTeam = D9F6D6KZ89;
						LastSwiftMigration = 0920;
						ProvisioningStyle = Automatic;
						TestTargetID = BC561BF11EA6CDE9004386E0;
					};
					BC561C101EA6CDE9004386E0 = {
						CreatedOnToolsVersion = 8.3.1;
						DevelopmentTeam = D9F6D6KZ89;
						LastSwiftMigration = 0920;
						ProvisioningStyle = Automatic;
						TestTargetID = BC561BF11EA6CDE9004386E0;
					};
				};
			};
			buildConfigurationList = BC561BED1EA6CDE9004386E0 /* Build configuration list for PBXProject "Virtual Tourist" */;
			compatibilityVersion = "Xcode 3.2";
			developmentRegion = English;
			hasScannedForEncodings = 0;
			knownRegions = (
				en,
				Base,
			);
			mainGroup = BC561BE91EA6CDE9004386E0;
			productRefGroup = BC561BF31EA6CDE9004386E0 /* Products */;
			projectDirPath = "";
			projectRoot = "";
			targets = (
				BC561BF11EA6CDE9004386E0 /* Virtual Tourist */,
				BC561C051EA6CDE9004386E0 /* Virtual TouristTests */,
				BC561C101EA6CDE9004386E0 /* Virtual TouristUITests */,
			);
		};
/* End PBXProject section */

/* Begin PBXResourcesBuildPhase section */
		BC561BF01EA6CDE9004386E0 /* Resources */ = {
			isa = PBXResourcesBuildPhase;
			buildActionMask = 2147483647;
			files = (
				BC561C001EA6CDE9004386E0 /* LaunchScreen.storyboard in Resources */,
				BC561BFD1EA6CDE9004386E0 /* Assets.xcassets in Resources */,
				BC561BFB1EA6CDE9004386E0 /* Main.storyboard in Resources */,
			);
			runOnlyForDeploymentPostprocessing = 0;
		};
		BC561C041EA6CDE9004386E0 /* Resources */ = {
			isa = PBXResourcesBuildPhase;
			buildActionMask = 2147483647;
			files = (
			);
			runOnlyForDeploymentPostprocessing = 0;
		};
		BC561C0F1EA6CDE9004386E0 /* Resources */ = {
			isa = PBXResourcesBuildPhase;
			buildActionMask = 2147483647;
			files = (
			);
			runOnlyForDeploymentPostprocessing = 0;
		};
/* End PBXResourcesBuildPhase section */

/* Begin PBXSourcesBuildPhase section */
		BC561BEE1EA6CDE9004386E0 /* Sources */ = {
			isa = PBXSourcesBuildPhase;
			buildActionMask = 2147483647;
			files = (
				BC561C2D1EA6D5E8004386E0 /* CoreDataStackManager.swift in Sources */,
				BCB0A8A21EA7513000CF1B2F /* PhotoCell.swift in Sources */,
				BC561C301EA6D682004386E0 /* PhotoAlbumViewController.swift in Sources */,
				BC561BF81EA6CDE9004386E0 /* MapViewController.swift in Sources */,
				BC561C2B1EA6D4B2004386E0 /* Parse.swift in Sources */,
				BC561BF61EA6CDE9004386E0 /* AppDelegate.swift in Sources */,
				BC561C241EA6D330004386E0 /* FlickrClient.swift in Sources */,
				BC561C331EA6D803004386E0 /* VirtualTouristModel.xcdatamodeld in Sources */,
			);
			runOnlyForDeploymentPostprocessing = 0;
		};
		BC561C021EA6CDE9004386E0 /* Sources */ = {
			isa = PBXSourcesBuildPhase;
			buildActionMask = 2147483647;
			files = (
				BC561C0B1EA6CDE9004386E0 /* Virtual_TouristTests.swift in Sources */,
			);
			runOnlyForDeploymentPostprocessing = 0;
		};
		BC561C0D1EA6CDE9004386E0 /* Sources */ = {
			isa = PBXSourcesBuildPhase;
			buildActionMask = 2147483647;
			files = (
				BC561C161EA6CDE9004386E0 /* Virtual_TouristUITests.swift in Sources */,
			);
			runOnlyForDeploymentPostprocessing = 0;
		};
/* End PBXSourcesBuildPhase section */

/* Begin PBXTargetDependency section */
		BC561C081EA6CDE9004386E0 /* PBXTargetDependency */ = {
			isa = PBXTargetDependency;
			target = BC561BF11EA6CDE9004386E0 /* Virtual Tourist */;
			targetProxy = BC561C071EA6CDE9004386E0 /* PBXContainerItemProxy */;
		};
		BC561C131EA6CDE9004386E0 /* PBXTargetDependency */ = {
			isa = PBXTargetDependency;
			target = BC561BF11EA6CDE9004386E0 /* Virtual Tourist */;
			targetProxy = BC561C121EA6CDE9004386E0 /* PBXContainerItemProxy */;
		};
/* End PBXTargetDependency section */

/* Begin PBXVariantGroup section */
		BC561BF91EA6CDE9004386E0 /* Main.storyboard */ = {
			isa = PBXVariantGroup;
			children = (
				BC561BFA1EA6CDE9004386E0 /* Base */,
			);
			name = Main.storyboard;
			sourceTree = "<group>";
		};
		BC561BFE1EA6CDE9004386E0 /* LaunchScreen.storyboard */ = {
			isa = PBXVariantGroup;
			children = (
				BC561BFF1EA6CDE9004386E0 /* Base */,
			);
			name = LaunchScreen.storyboard;
			sourceTree = "<group>";
		};
/* End PBXVariantGroup section */

/* Begin XCBuildConfiguration section */
		BC561C181EA6CDE9004386E0 /* Debug */ = {
			isa = XCBuildConfiguration;
			buildSettings = {
				ALWAYS_SEARCH_USER_PATHS = NO;
				CLANG_ANALYZER_NONNULL = YES;
				CLANG_ANALYZER_NUMBER_OBJECT_CONVERSION = YES_AGGRESSIVE;
				CLANG_CXX_LANGUAGE_STANDARD = "gnu++0x";
				CLANG_CXX_LIBRARY = "libc++";
				CLANG_ENABLE_MODULES = YES;
				CLANG_ENABLE_OBJC_ARC = YES;
				CLANG_WARN_BLOCK_CAPTURE_AUTORELEASING = YES;
				CLANG_WARN_BOOL_CONVERSION = YES;
				CLANG_WARN_COMMA = YES;
				CLANG_WARN_CONSTANT_CONVERSION = YES;
				CLANG_WARN_DIRECT_OBJC_ISA_USAGE = YES_ERROR;
				CLANG_WARN_DOCUMENTATION_COMMENTS = YES;
				CLANG_WARN_EMPTY_BODY = YES;
				CLANG_WARN_ENUM_CONVERSION = YES;
				CLANG_WARN_INFINITE_RECURSION = YES;
				CLANG_WARN_INT_CONVERSION = YES;
				CLANG_WARN_NON_LITERAL_NULL_CONVERSION = YES;
				CLANG_WARN_OBJC_LITERAL_CONVERSION = YES;
				CLANG_WARN_OBJC_ROOT_CLASS = YES_ERROR;
				CLANG_WARN_RANGE_LOOP_ANALYSIS = YES;
				CLANG_WARN_STRICT_PROTOTYPES = YES;
				CLANG_WARN_SUSPICIOUS_MOVE = YES;
				CLANG_WARN_UNREACHABLE_CODE = YES;
				CLANG_WARN__DUPLICATE_METHOD_MATCH = YES;
				"CODE_SIGN_IDENTITY[sdk=iphoneos*]" = "iPhone Developer";
				COPY_PHASE_STRIP = NO;
				DEBUG_INFORMATION_FORMAT = dwarf;
				ENABLE_STRICT_OBJC_MSGSEND = YES;
				ENABLE_TESTABILITY = YES;
				GCC_C_LANGUAGE_STANDARD = gnu99;
				GCC_DYNAMIC_NO_PIC = NO;
				GCC_NO_COMMON_BLOCKS = YES;
				GCC_OPTIMIZATION_LEVEL = 0;
				GCC_PREPROCESSOR_DEFINITIONS = (
					"DEBUG=1",
					"$(inherited)",
				);
				GCC_WARN_64_TO_32_BIT_CONVERSION = YES;
				GCC_WARN_ABOUT_RETURN_TYPE = YES_ERROR;
				GCC_WARN_UNDECLARED_SELECTOR = YES;
				GCC_WARN_UNINITIALIZED_AUTOS = YES_AGGRESSIVE;
				GCC_WARN_UNUSED_FUNCTION = YES;
				GCC_WARN_UNUSED_VARIABLE = YES;
				IPHONEOS_DEPLOYMENT_TARGET = 10.3;
				MTL_ENABLE_DEBUG_INFO = YES;
				ONLY_ACTIVE_ARCH = YES;
				SDKROOT = iphoneos;
				SWIFT_ACTIVE_COMPILATION_CONDITIONS = DEBUG;
				SWIFT_OPTIMIZATION_LEVEL = "-Onone";
				TARGETED_DEVICE_FAMILY = "1,2";
			};
			name = Debug;
		};
		BC561C191EA6CDE9004386E0 /* Release */ = {
			isa = XCBuildConfiguration;
			buildSettings = {
				ALWAYS_SEARCH_USER_PATHS = NO;
				CLANG_ANALYZER_NONNULL = YES;
				CLANG_ANALYZER_NUMBER_OBJECT_CONVERSION = YES_AGGRESSIVE;
				CLANG_CXX_LANGUAGE_STANDARD = "gnu++0x";
				CLANG_CXX_LIBRARY = "libc++";
				CLANG_ENABLE_MODULES = YES;
				CLANG_ENABLE_OBJC_ARC = YES;
				CLANG_WARN_BLOCK_CAPTURE_AUTORELEASING = YES;
				CLANG_WARN_BOOL_CONVERSION = YES;
				CLANG_WARN_COMMA = YES;
				CLANG_WARN_CONSTANT_CONVERSION = YES;
				CLANG_WARN_DIRECT_OBJC_ISA_USAGE = YES_ERROR;
				CLANG_WARN_DOCUMENTATION_COMMENTS = YES;
				CLANG_WARN_EMPTY_BODY = YES;
				CLANG_WARN_ENUM_CONVERSION = YES;
				CLANG_WARN_INFINITE_RECURSION = YES;
				CLANG_WARN_INT_CONVERSION = YES;
				CLANG_WARN_NON_LITERAL_NULL_CONVERSION = YES;
				CLANG_WARN_OBJC_LITERAL_CONVERSION = YES;
				CLANG_WARN_OBJC_ROOT_CLASS = YES_ERROR;
				CLANG_WARN_RANGE_LOOP_ANALYSIS = YES;
				CLANG_WARN_STRICT_PROTOTYPES = YES;
				CLANG_WARN_SUSPICIOUS_MOVE = YES;
				CLANG_WARN_UNREACHABLE_CODE = YES;
				CLANG_WARN__DUPLICATE_METHOD_MATCH = YES;
				"CODE_SIGN_IDENTITY[sdk=iphoneos*]" = "iPhone Developer";
				COPY_PHASE_STRIP = NO;
				DEBUG_INFORMATION_FORMAT = "dwarf-with-dsym";
				ENABLE_NS_ASSERTIONS = NO;
				ENABLE_STRICT_OBJC_MSGSEND = YES;
				GCC_C_LANGUAGE_STANDARD = gnu99;
				GCC_NO_COMMON_BLOCKS = YES;
				GCC_WARN_64_TO_32_BIT_CONVERSION = YES;
				GCC_WARN_ABOUT_RETURN_TYPE = YES_ERROR;
				GCC_WARN_UNDECLARED_SELECTOR = YES;
				GCC_WARN_UNINITIALIZED_AUTOS = YES_AGGRESSIVE;
				GCC_WARN_UNUSED_FUNCTION = YES;
				GCC_WARN_UNUSED_VARIABLE = YES;
				IPHONEOS_DEPLOYMENT_TARGET = 10.3;
				MTL_ENABLE_DEBUG_INFO = NO;
				SDKROOT = iphoneos;
				SWIFT_OPTIMIZATION_LEVEL = "-Owholemodule";
				TARGETED_DEVICE_FAMILY = "1,2";
				VALIDATE_PRODUCT = YES;
			};
			name = Release;
		};
		BC561C1B1EA6CDE9004386E0 /* Debug */ = {
			isa = XCBuildConfiguration;
			buildSettings = {
				ASSETCATALOG_COMPILER_APPICON_NAME = AppIcon;
				DEVELOPMENT_TEAM = D9F6D6KZ89;
				INFOPLIST_FILE = "Virtual Tourist/Info.plist";
				LD_RUNPATH_SEARCH_PATHS = "$(inherited) @executable_path/Frameworks";
				PRODUCT_BUNDLE_IDENTIFIER = "com.dylansimerly.Virtual-Tourist";
				PRODUCT_NAME = "$(TARGET_NAME)";
				SWIFT_SWIFT3_OBJC_INFERENCE = On;
				SWIFT_VERSION = 4.0;
			};
			name = Debug;
		};
		BC561C1C1EA6CDE9004386E0 /* Release */ = {
			isa = XCBuildConfiguration;
			buildSettings = {
				ASSETCATALOG_COMPILER_APPICON_NAME = AppIcon;
				DEVELOPMENT_TEAM = D9F6D6KZ89;
				INFOPLIST_FILE = "Virtual Tourist/Info.plist";
				LD_RUNPATH_SEARCH_PATHS = "$(inherited) @executable_path/Frameworks";
				PRODUCT_BUNDLE_IDENTIFIER = "com.dylansimerly.Virtual-Tourist";
				PRODUCT_NAME = "$(TARGET_NAME)";
				SWIFT_SWIFT3_OBJC_INFERENCE = On;
				SWIFT_VERSION = 4.0;
			};
			name = Release;
		};
		BC561C1E1EA6CDE9004386E0 /* Debug */ = {
			isa = XCBuildConfiguration;
			buildSettings = {
				ALWAYS_EMBED_SWIFT_STANDARD_LIBRARIES = YES;
				BUNDLE_LOADER = "$(TEST_HOST)";
				DEVELOPMENT_TEAM = D9F6D6KZ89;
				INFOPLIST_FILE = "Virtual TouristTests/Info.plist";
				LD_RUNPATH_SEARCH_PATHS = "$(inherited) @executable_path/Frameworks @loader_path/Frameworks";
				PRODUCT_BUNDLE_IDENTIFIER = "com.dylansimerly.Virtual-TouristTests";
				PRODUCT_NAME = "$(TARGET_NAME)";
				SWIFT_SWIFT3_OBJC_INFERENCE = On;
				SWIFT_VERSION = 4.0;
				TEST_HOST = "$(BUILT_PRODUCTS_DIR)/Virtual Tourist.app/Virtual Tourist";
			};
			name = Debug;
		};
		BC561C1F1EA6CDE9004386E0 /* Release */ = {
			isa = XCBuildConfiguration;
			buildSettings = {
				ALWAYS_EMBED_SWIFT_STANDARD_LIBRARIES = YES;
				BUNDLE_LOADER = "$(TEST_HOST)";
				DEVELOPMENT_TEAM = D9F6D6KZ89;
				INFOPLIST_FILE = "Virtual TouristTests/Info.plist";
				LD_RUNPATH_SEARCH_PATHS = "$(inherited) @executable_path/Frameworks @loader_path/Frameworks";
				PRODUCT_BUNDLE_IDENTIFIER = "com.dylansimerly.Virtual-TouristTests";
				PRODUCT_NAME = "$(TARGET_NAME)";
				SWIFT_SWIFT3_OBJC_INFERENCE = On;
				SWIFT_VERSION = 4.0;
				TEST_HOST = "$(BUILT_PRODUCTS_DIR)/Virtual Tourist.app/Virtual Tourist";
			};
			name = Release;
		};
		BC561C211EA6CDE9004386E0 /* Debug */ = {
			isa = XCBuildConfiguration;
			buildSettings = {
				ALWAYS_EMBED_SWIFT_STANDARD_LIBRARIES = YES;
				DEVELOPMENT_TEAM = D9F6D6KZ89;
				INFOPLIST_FILE = "Virtual TouristUITests/Info.plist";
				LD_RUNPATH_SEARCH_PATHS = "$(inherited) @executable_path/Frameworks @loader_path/Frameworks";
				PRODUCT_BUNDLE_IDENTIFIER = "com.dylansimerly.Virtual-TouristUITests";
				PRODUCT_NAME = "$(TARGET_NAME)";
				SWIFT_SWIFT3_OBJC_INFERENCE = On;
				SWIFT_VERSION = 4.0;
				TEST_TARGET_NAME = "Virtual Tourist";
			};
			name = Debug;
		};
		BC561C221EA6CDE9004386E0 /* Release */ = {
			isa = XCBuildConfiguration;
			buildSettings = {
				ALWAYS_EMBED_SWIFT_STANDARD_LIBRARIES = YES;
				DEVELOPMENT_TEAM = D9F6D6KZ89;
				INFOPLIST_FILE = "Virtual TouristUITests/Info.plist";
				LD_RUNPATH_SEARCH_PATHS = "$(inherited) @executable_path/Frameworks @loader_path/Frameworks";
				PRODUCT_BUNDLE_IDENTIFIER = "com.dylansimerly.Virtual-TouristUITests";
				PRODUCT_NAME = "$(TARGET_NAME)";
				SWIFT_SWIFT3_OBJC_INFERENCE = On;
				SWIFT_VERSION = 4.0;
				TEST_TARGET_NAME = "Virtual Tourist";
			};
			name = Release;
		};
/* End XCBuildConfiguration section */

/* Begin XCConfigurationList section */
		BC561BED1EA6CDE9004386E0 /* Build configuration list for PBXProject "Virtual Tourist" */ = {
			isa = XCConfigurationList;
			buildConfigurations = (
				BC561C181EA6CDE9004386E0 /* Debug */,
				BC561C191EA6CDE9004386E0 /* Release */,
			);
			defaultConfigurationIsVisible = 0;
			defaultConfigurationName = Release;
		};
		BC561C1A1EA6CDE9004386E0 /* Build configuration list for PBXNativeTarget "Virtual Tourist" */ = {
			isa = XCConfigurationList;
			buildConfigurations = (
				BC561C1B1EA6CDE9004386E0 /* Debug */,
				BC561C1C1EA6CDE9004386E0 /* Release */,
			);
			defaultConfigurationIsVisible = 0;
			defaultConfigurationName = Release;
		};
		BC561C1D1EA6CDE9004386E0 /* Build configuration list for PBXNativeTarget "Virtual TouristTests" */ = {
			isa = XCConfigurationList;
			buildConfigurations = (
				BC561C1E1EA6CDE9004386E0 /* Debug */,
				BC561C1F1EA6CDE9004386E0 /* Release */,
			);
			defaultConfigurationIsVisible = 0;
			defaultConfigurationName = Release;
		};
		BC561C201EA6CDE9004386E0 /* Build configuration list for PBXNativeTarget "Virtual TouristUITests" */ = {
			isa = XCConfigurationList;
			buildConfigurations = (
				BC561C211EA6CDE9004386E0 /* Debug */,
				BC561C221EA6CDE9004386E0 /* Release */,
			);
			defaultConfigurationIsVisible = 0;
			defaultConfigurationName = Release;
		};
/* End XCConfigurationList section */

/* Begin XCVersionGroup section */
		BC561C311EA6D803004386E0 /* VirtualTouristModel.xcdatamodeld */ = {
			isa = XCVersionGroup;
			children = (
				BC561C321EA6D803004386E0 /* VirtualTouristModel.xcdatamodel */,
			);
			currentVersion = BC561C321EA6D803004386E0 /* VirtualTouristModel.xcdatamodel */;
			name = VirtualTouristModel.xcdatamodeld;
			path = ../VirtualTouristModel.xcdatamodeld;
			sourceTree = "<group>";
			versionGroupType = wrapper.xcdatamodel;
		};
/* End XCVersionGroup section */
	};
	rootObject = BC561BEA1EA6CDE9004386E0 /* Project object */;
}
